
Microsoft Visual Studio Solution File, Format Version 12.00
# Visual Studio 15
VisualStudioVersion = 15.0.26124.0
MinimumVisualStudioVersion = 15.0.26124.0
Project("{FAE04EC0-301F-11D3-BF4B-00C04F79EFBC}") = "ImotiWebsite", "Website\ImotiWebsite.csproj", "{5CB77FB0-2AC8-4672-92B0-4A42E6FEDD61}"
EndProject
Project("{FAE04EC0-301F-11D3-BF4B-00C04F79EFBC}") = "Tests", "Tests\Tests.csproj", "{525FA3CD-1851-4D92-9684-BB1BCEF69EAC}"
EndProject
Global
	GlobalSection(SolutionConfigurationPlatforms) = preSolution
		Debug|Any CPU = Debug|Any CPU
		Debug|x64 = Debug|x64
		Debug|x86 = Debug|x86
		Release|Any CPU = Release|Any CPU
		Release|x64 = Release|x64
		Release|x86 = Release|x86
	EndGlobalSection
	GlobalSection(SolutionProperties) = preSolution
		HideSolutionNode = FALSE
	EndGlobalSection
	GlobalSection(ProjectConfigurationPlatforms) = postSolution
		{613FF3CE-E4EF-4A3F-BFAC-D0239DBF3829}.Debug|Any CPU.ActiveCfg = Debug|Any CPU
		{613FF3CE-E4EF-4A3F-BFAC-D0239DBF3829}.Debug|Any CPU.Build.0 = Debug|Any CPU
		{613FF3CE-E4EF-4A3F-BFAC-D0239DBF3829}.Debug|x64.ActiveCfg = Debug|Any CPU
		{613FF3CE-E4EF-4A3F-BFAC-D0239DBF3829}.Debug|x64.Build.0 = Debug|Any CPU
		{613FF3CE-E4EF-4A3F-BFAC-D0239DBF3829}.Debug|x86.ActiveCfg = Debug|Any CPU
		{613FF3CE-E4EF-4A3F-BFAC-D0239DBF3829}.Debug|x86.Build.0 = Debug|Any CPU
		{613FF3CE-E4EF-4A3F-BFAC-D0239DBF3829}.Release|Any CPU.ActiveCfg = Release|Any CPU
		{613FF3CE-E4EF-4A3F-BFAC-D0239DBF3829}.Release|Any CPU.Build.0 = Release|Any CPU
		{613FF3CE-E4EF-4A3F-BFAC-D0239DBF3829}.Release|x64.ActiveCfg = Release|Any CPU
		{613FF3CE-E4EF-4A3F-BFAC-D0239DBF3829}.Release|x64.Build.0 = Release|Any CPU
		{613FF3CE-E4EF-4A3F-BFAC-D0239DBF3829}.Release|x86.ActiveCfg = Release|Any CPU
		{613FF3CE-E4EF-4A3F-BFAC-D0239DBF3829}.Release|x86.Build.0 = Release|Any CPU
		{F1006A60-C262-48BA-920B-C865C45DC9B8}.Debug|Any CPU.ActiveCfg = Debug|Any CPU
		{F1006A60-C262-48BA-920B-C865C45DC9B8}.Debug|Any CPU.Build.0 = Debug|Any CPU
		{F1006A60-C262-48BA-920B-C865C45DC9B8}.Debug|x64.ActiveCfg = Debug|Any CPU
		{F1006A60-C262-48BA-920B-C865C45DC9B8}.Debug|x64.Build.0 = Debug|Any CPU
		{F1006A60-C262-48BA-920B-C865C45DC9B8}.Debug|x86.ActiveCfg = Debug|Any CPU
		{F1006A60-C262-48BA-920B-C865C45DC9B8}.Debug|x86.Build.0 = Debug|Any CPU
		{F1006A60-C262-48BA-920B-C865C45DC9B8}.Release|Any CPU.ActiveCfg = Release|Any CPU
		{F1006A60-C262-48BA-920B-C865C45DC9B8}.Release|Any CPU.Build.0 = Release|Any CPU
		{F1006A60-C262-48BA-920B-C865C45DC9B8}.Release|x64.ActiveCfg = Release|Any CPU
		{F1006A60-C262-48BA-920B-C865C45DC9B8}.Release|x64.Build.0 = Release|Any CPU
		{F1006A60-C262-48BA-920B-C865C45DC9B8}.Release|x86.ActiveCfg = Release|Any CPU
		{F1006A60-C262-48BA-920B-C865C45DC9B8}.Release|x86.Build.0 = Release|Any CPU
		{618356F5-4CB2-4ECC-A532-5D919DD51227}.Debug|Any CPU.ActiveCfg = Debug|Any CPU
		{618356F5-4CB2-4ECC-A532-5D919DD51227}.Debug|Any CPU.Build.0 = Debug|Any CPU
		{618356F5-4CB2-4ECC-A532-5D919DD51227}.Debug|x64.ActiveCfg = Debug|Any CPU
		{618356F5-4CB2-4ECC-A532-5D919DD51227}.Debug|x64.Build.0 = Debug|Any CPU
		{618356F5-4CB2-4ECC-A532-5D919DD51227}.Debug|x86.ActiveCfg = Debug|Any CPU
		{618356F5-4CB2-4ECC-A532-5D919DD51227}.Debug|x86.Build.0 = Debug|Any CPU
		{618356F5-4CB2-4ECC-A532-5D919DD51227}.Release|Any CPU.ActiveCfg = Release|Any CPU
		{618356F5-4CB2-4ECC-A532-5D919DD51227}.Release|Any CPU.Build.0 = Release|Any CPU
		{618356F5-4CB2-4ECC-A532-5D919DD51227}.Release|x64.ActiveCfg = Release|Any CPU
		{618356F5-4CB2-4ECC-A532-5D919DD51227}.Release|x64.Build.0 = Release|Any CPU
		{618356F5-4CB2-4ECC-A532-5D919DD51227}.Release|x86.ActiveCfg = Release|Any CPU
		{618356F5-4CB2-4ECC-A532-5D919DD51227}.Release|x86.Build.0 = Release|Any CPU
		{5CB77FB0-2AC8-4672-92B0-4A42E6FEDD61}.Debug|Any CPU.ActiveCfg = Debug|Any CPU
		{5CB77FB0-2AC8-4672-92B0-4A42E6FEDD61}.Debug|Any CPU.Build.0 = Debug|Any CPU
		{5CB77FB0-2AC8-4672-92B0-4A42E6FEDD61}.Debug|x64.ActiveCfg = Debug|Any CPU
		{5CB77FB0-2AC8-4672-92B0-4A42E6FEDD61}.Debug|x64.Build.0 = Debug|Any CPU
		{5CB77FB0-2AC8-4672-92B0-4A42E6FEDD61}.Debug|x86.ActiveCfg = Debug|Any CPU
		{5CB77FB0-2AC8-4672-92B0-4A42E6FEDD61}.Debug|x86.Build.0 = Debug|Any CPU
		{5CB77FB0-2AC8-4672-92B0-4A42E6FEDD61}.Release|Any CPU.ActiveCfg = Release|Any CPU
		{5CB77FB0-2AC8-4672-92B0-4A42E6FEDD61}.Release|Any CPU.Build.0 = Release|Any CPU
		{5CB77FB0-2AC8-4672-92B0-4A42E6FEDD61}.Release|x64.ActiveCfg = Release|Any CPU
		{5CB77FB0-2AC8-4672-92B0-4A42E6FEDD61}.Release|x64.Build.0 = Release|Any CPU
		{5CB77FB0-2AC8-4672-92B0-4A42E6FEDD61}.Release|x86.ActiveCfg = Release|Any CPU
		{5CB77FB0-2AC8-4672-92B0-4A42E6FEDD61}.Release|x86.Build.0 = Release|Any CPU
		{525FA3CD-1851-4D92-9684-BB1BCEF69EAC}.Debug|Any CPU.ActiveCfg = Debug|Any CPU
		{525FA3CD-1851-4D92-9684-BB1BCEF69EAC}.Debug|Any CPU.Build.0 = Debug|Any CPU
		{525FA3CD-1851-4D92-9684-BB1BCEF69EAC}.Debug|x64.ActiveCfg = Debug|Any CPU
		{525FA3CD-1851-4D92-9684-BB1BCEF69EAC}.Debug|x64.Build.0 = Debug|Any CPU
		{525FA3CD-1851-4D92-9684-BB1BCEF69EAC}.Debug|x86.ActiveCfg = Debug|Any CPU
		{525FA3CD-1851-4D92-9684-BB1BCEF69EAC}.Debug|x86.Build.0 = Debug|Any CPU
		{525FA3CD-1851-4D92-9684-BB1BCEF69EAC}.Release|Any CPU.ActiveCfg = Release|Any CPU
		{525FA3CD-1851-4D92-9684-BB1BCEF69EAC}.Release|Any CPU.Build.0 = Release|Any CPU
		{525FA3CD-1851-4D92-9684-BB1BCEF69EAC}.Release|x64.ActiveCfg = Release|Any CPU
		{525FA3CD-1851-4D92-9684-BB1BCEF69EAC}.Release|x64.Build.0 = Release|Any CPU
		{525FA3CD-1851-4D92-9684-BB1BCEF69EAC}.Release|x86.ActiveCfg = Release|Any CPU
		{525FA3CD-1851-4D92-9684-BB1BCEF69EAC}.Release|x86.Build.0 = Release|Any CPU
	EndGlobalSection
EndGlobal
